PODS:
  - NtgeCore (0.1.0)
  - NtgeCore/Tests (0.1.0)

DEPENDENCIES:
  - NtgeCore (from `../../`)
  - NtgeCore/Tests (from `../../`)

EXTERNAL SOURCES:
  NtgeCore:
    :path: "../../"

SPEC CHECKSUMS:
  NtgeCore: e0437e1167105ded1b91f4a4f5975f36a8c6a9b2

PODFILE CHECKSUM: a55684a56778f3181680d144b681a2bb28297293

COCOAPODS: 1.9.3
