PODS:
  - NtgeCore (0.1.0)
  - NtgeCore/Tests (0.1.0)

DEPENDENCIES:
  - NtgeCore (from `../../`)
  - NtgeCore/Tests (from `../../`)

EXTERNAL SOURCES:
  NtgeCore:
    :path: "../../"

SPEC CHECKSUMS:
  NtgeCore: 11e1a73d538d8eab3d6b3332baaf391f1fa59c88

PODFILE CHECKSUM: 45e8745a4d6561e85480cd37c98bee2a47f267df

COCOAPODS: 1.9.1
