PODS:
  - NtgeCore (0.1.0)
  - NtgeCore/Tests (0.1.0)

DEPENDENCIES:
  - NtgeCore (from `../`)
  - NtgeCore/Tests (from `../`)

EXTERNAL SOURCES:
  NtgeCore:
    :path: "../"

SPEC CHECKSUMS:
  NtgeCore: eb24aa61cb439ec66be79d6e5929d023987dad22

PODFILE CHECKSUM: 6aea79da9212c697a87df814904b4f23fd12670f

COCOAPODS: 1.9.1
