
Microsoft Visual Studio Solution File, Format Version 12.00
# Visual Studio 15
VisualStudioVersion = 15.0.26124.0
MinimumVisualStudioVersion = 15.0.26124.0
Project("{FAE04EC0-301F-11D3-BF4B-00C04F79EFBC}") = "NtgeCore.Net", "src\NtgeCore.Net.csproj", "{668B23AA-2A1D-4A2A-A5A1-FF9167FA7438}"
EndProject
Project("{FAE04EC0-301F-11D3-BF4B-00C04F79EFBC}") = "NtgeCore.Net.Test", "test\NtgeCore.Net.Test.csproj", "{054D7032-1197-45C4-A068-450ECF5EFA15}"
EndProject
Global
	GlobalSection(SolutionConfigurationPlatforms) = preSolution
		Debug|Any CPU = Debug|Any CPU
		Debug|x64 = Debug|x64
		Debug|x86 = Debug|x86
		Release|Any CPU = Release|Any CPU
		Release|x64 = Release|x64
		Release|x86 = Release|x86
	EndGlobalSection
	GlobalSection(SolutionProperties) = preSolution
		HideSolutionNode = FALSE
	EndGlobalSection
	GlobalSection(ProjectConfigurationPlatforms) = postSolution
		{668B23AA-2A1D-4A2A-A5A1-FF9167FA7438}.Debug|Any CPU.ActiveCfg = Debug|Any CPU
		{668B23AA-2A1D-4A2A-A5A1-FF9167FA7438}.Debug|Any CPU.Build.0 = Debug|Any CPU
		{668B23AA-2A1D-4A2A-A5A1-FF9167FA7438}.Debug|x64.ActiveCfg = Debug|Any CPU
		{668B23AA-2A1D-4A2A-A5A1-FF9167FA7438}.Debug|x64.Build.0 = Debug|Any CPU
		{668B23AA-2A1D-4A2A-A5A1-FF9167FA7438}.Debug|x86.ActiveCfg = Debug|Any CPU
		{668B23AA-2A1D-4A2A-A5A1-FF9167FA7438}.Debug|x86.Build.0 = Debug|Any CPU
		{668B23AA-2A1D-4A2A-A5A1-FF9167FA7438}.Release|Any CPU.ActiveCfg = Release|Any CPU
		{668B23AA-2A1D-4A2A-A5A1-FF9167FA7438}.Release|Any CPU.Build.0 = Release|Any CPU
		{668B23AA-2A1D-4A2A-A5A1-FF9167FA7438}.Release|x64.ActiveCfg = Release|Any CPU
		{668B23AA-2A1D-4A2A-A5A1-FF9167FA7438}.Release|x64.Build.0 = Release|Any CPU
		{668B23AA-2A1D-4A2A-A5A1-FF9167FA7438}.Release|x86.ActiveCfg = Release|Any CPU
		{668B23AA-2A1D-4A2A-A5A1-FF9167FA7438}.Release|x86.Build.0 = Release|Any CPU
		{054D7032-1197-45C4-A068-450ECF5EFA15}.Debug|Any CPU.ActiveCfg = Debug|Any CPU
		{054D7032-1197-45C4-A068-450ECF5EFA15}.Debug|Any CPU.Build.0 = Debug|Any CPU
		{054D7032-1197-45C4-A068-450ECF5EFA15}.Debug|x64.ActiveCfg = Debug|Any CPU
		{054D7032-1197-45C4-A068-450ECF5EFA15}.Debug|x64.Build.0 = Debug|Any CPU
		{054D7032-1197-45C4-A068-450ECF5EFA15}.Debug|x86.ActiveCfg = Debug|Any CPU
		{054D7032-1197-45C4-A068-450ECF5EFA15}.Debug|x86.Build.0 = Debug|Any CPU
		{054D7032-1197-45C4-A068-450ECF5EFA15}.Release|Any CPU.ActiveCfg = Release|Any CPU
		{054D7032-1197-45C4-A068-450ECF5EFA15}.Release|Any CPU.Build.0 = Release|Any CPU
		{054D7032-1197-45C4-A068-450ECF5EFA15}.Release|x64.ActiveCfg = Release|Any CPU
		{054D7032-1197-45C4-A068-450ECF5EFA15}.Release|x64.Build.0 = Release|Any CPU
		{054D7032-1197-45C4-A068-450ECF5EFA15}.Release|x86.ActiveCfg = Release|Any CPU
		{054D7032-1197-45C4-A068-450ECF5EFA15}.Release|x86.Build.0 = Release|Any CPU
	EndGlobalSection
EndGlobal
